// !$*UTF8*$!
{
	archiveVersion = 1;
	classes = {
	};
	objectVersion = 46;
	objects = {

/* Begin PBXBuildFile section */
		4E67D5491B8AF056001C2527 /* Foundation.framework in Frameworks */ = {isa = PBXBuildFile; fileRef = 4E67D5481B8AF056001C2527 /* Foundation.framework */; };
		4E67D54B1B8AF056001C2527 /* CoreGraphics.framework in Frameworks */ = {isa = PBXBuildFile; fileRef = 4E67D54A1B8AF056001C2527 /* CoreGraphics.framework */; };
		4E67D54D1B8AF056001C2527 /* UIKit.framework in Frameworks */ = {isa = PBXBuildFile; fileRef = 4E67D54C1B8AF056001C2527 /* UIKit.framework */; };
		4E67D5531B8AF056001C2527 /* InfoPlist.strings in Resources */ = {isa = PBXBuildFile; fileRef = 4E67D5511B8AF056001C2527 /* InfoPlist.strings */; };
		4E67D5551B8AF056001C2527 /* main.m in Sources */ = {isa = PBXBuildFile; fileRef = 4E67D5541B8AF056001C2527 /* main.m */; };
		4E67D5591B8AF056001C2527 /* XLAppDelegate.m in Sources */ = {isa = PBXBuildFile; fileRef = 4E67D5581B8AF056001C2527 /* XLAppDelegate.m */; };
		4E67D55B1B8AF056001C2527 /* Images.xcassets in Resources */ = {isa = PBXBuildFile; fileRef = 4E67D55A1B8AF056001C2527 /* Images.xcassets */; };
		4E67D5621B8AF056001C2527 /* XCTest.framework in Frameworks */ = {isa = PBXBuildFile; fileRef = 4E67D5611B8AF056001C2527 /* XCTest.framework */; };
		4E67D5631B8AF056001C2527 /* Foundation.framework in Frameworks */ = {isa = PBXBuildFile; fileRef = 4E67D5481B8AF056001C2527 /* Foundation.framework */; };
		4E67D5641B8AF056001C2527 /* UIKit.framework in Frameworks */ = {isa = PBXBuildFile; fileRef = 4E67D54C1B8AF056001C2527 /* UIKit.framework */; };
		4E67D56C1B8AF056001C2527 /* InfoPlist.strings in Resources */ = {isa = PBXBuildFile; fileRef = 4E67D56A1B8AF056001C2527 /* InfoPlist.strings */; };
		4E67D56E1B8AF056001C2527 /* iOS6_2___Tests.m in Sources */ = {isa = PBXBuildFile; fileRef = 4E67D56D1B8AF056001C2527 /* iOS6_2___Tests.m */; };
/* End PBXBuildFile section */

/* Begin PBXContainerItemProxy section */
		4E67D5651B8AF056001C2527 /* PBXContainerItemProxy */ = {
			isa = PBXContainerItemProxy;
			containerPortal = 4E67D53D1B8AF056001C2527 /* Project object */;
			proxyType = 1;
			remoteGlobalIDString = 4E67D5441B8AF056001C2527;
			remoteInfo = "iOS6.2爱限免";
		};
/* End PBXContainerItemProxy section */

/* Begin PBXFileReference section */
		4E67D5451B8AF056001C2527 /* iOS6.2爱限免.app */ = {isa = PBXFileReference; explicitFileType = wrapper.application; includeInIndex = 0; path = "iOS6.2爱限免.app"; sourceTree = BUILT_PRODUCTS_DIR; };
		4E67D5481B8AF056001C2527 /* Foundation.framework */ = {isa = PBXFileReference; lastKnownFileType = wrapper.framework; name = Foundation.framework; path = System/Library/Frameworks/Foundation.framework; sourceTree = SDKROOT; };
		4E67D54A1B8AF056001C2527 /* CoreGraphics.framework */ = {isa = PBXFileReference; lastKnownFileType = wrapper.framework; name = CoreGraphics.framework; path = System/Library/Frameworks/CoreGraphics.framework; sourceTree = SDKROOT; };
		4E67D54C1B8AF056001C2527 /* UIKit.framework */ = {isa = PBXFileReference; lastKnownFileType = wrapper.framework; name = UIKit.framework; path = System/Library/Frameworks/UIKit.framework; sourceTree = SDKROOT; };
		4E67D5501B8AF056001C2527 /* iOS6.2爱限免-Info.plist */ = {isa = PBXFileReference; lastKnownFileType = text.plist.xml; path = "iOS6.2爱限免-Info.plist"; sourceTree = "<group>"; };
		4E67D5521B8AF056001C2527 /* en */ = {isa = PBXFileReference; lastKnownFileType = text.plist.strings; name = en; path = en.lproj/InfoPlist.strings; sourceTree = "<group>"; };
		4E67D5541B8AF056001C2527 /* main.m */ = {isa = PBXFileReference; lastKnownFileType = sourcecode.c.objc; path = main.m; sourceTree = "<group>"; };
		4E67D5561B8AF056001C2527 /* iOS6.2爱限免-Prefix.pch */ = {isa = PBXFileReference; lastKnownFileType = sourcecode.c.h; path = "iOS6.2爱限免-Prefix.pch"; sourceTree = "<group>"; };
		4E67D5571B8AF056001C2527 /* XLAppDelegate.h */ = {isa = PBXFileReference; lastKnownFileType = sourcecode.c.h; path = XLAppDelegate.h; sourceTree = "<group>"; };
		4E67D5581B8AF056001C2527 /* XLAppDelegate.m */ = {isa = PBXFileReference; lastKnownFileType = sourcecode.c.objc; path = XLAppDelegate.m; sourceTree = "<group>"; };
		4E67D55A1B8AF056001C2527 /* Images.xcassets */ = {isa = PBXFileReference; lastKnownFileType = folder.assetcatalog; path = Images.xcassets; sourceTree = "<group>"; };
		4E67D5601B8AF056001C2527 /* iOS6.2爱限免Tests.xctest */ = {isa = PBXFileReference; explicitFileType = wrapper.cfbundle; includeInIndex = 0; path = "iOS6.2爱限免Tests.xctest"; sourceTree = BUILT_PRODUCTS_DIR; };
		4E67D5611B8AF056001C2527 /* XCTest.framework */ = {isa = PBXFileReference; lastKnownFileType = wrapper.framework; name = XCTest.framework; path = Library/Frameworks/XCTest.framework; sourceTree = DEVELOPER_DIR; };
		4E67D5691B8AF056001C2527 /* iOS6.2爱限免Tests-Info.plist */ = {isa = PBXFileReference; lastKnownFileType = text.plist.xml; path = "iOS6.2爱限免Tests-Info.plist"; sourceTree = "<group>"; };
		4E67D56B1B8AF056001C2527 /* en */ = {isa = PBXFileReference; lastKnownFileType = text.plist.strings; name = en; path = en.lproj/InfoPlist.strings; sourceTree = "<group>"; };
		4E67D56D1B8AF056001C2527 /* iOS6_2___Tests.m */ = {isa = PBXFileReference; lastKnownFileType = sourcecode.c.objc; path = "iOS6_2___Tests.m"; sourceTree = "<group>"; };
/* End PBXFileReference section */

/* Begin PBXFrameworksBuildPhase section */
		4E67D5421B8AF056001C2527 /* Frameworks */ = {
			isa = PBXFrameworksBuildPhase;
			buildActionMask = 2147483647;
			files = (
				4E67D54B1B8AF056001C2527 /* CoreGraphics.framework in Frameworks */,
				4E67D54D1B8AF056001C2527 /* UIKit.framework in Frameworks */,
				4E67D5491B8AF056001C2527 /* Foundation.framework in Frameworks */,
			);
			runOnlyForDeploymentPostprocessing = 0;
		};
		4E67D55D1B8AF056001C2527 /* Frameworks */ = {
			isa = PBXFrameworksBuildPhase;
			buildActionMask = 2147483647;
			files = (
				4E67D5621B8AF056001C2527 /* XCTest.framework in Frameworks */,
				4E67D5641B8AF056001C2527 /* UIKit.framework in Frameworks */,
				4E67D5631B8AF056001C2527 /* Foundation.framework in Frameworks */,
			);
			runOnlyForDeploymentPostprocessing = 0;
		};
/* End PBXFrameworksBuildPhase section */

/* Begin PBXGroup section */
		4E67D53C1B8AF056001C2527 = {
			isa = PBXGroup;
			children = (
				4E67D54E1B8AF056001C2527 /* iOS6.2爱限免 */,
				4E67D5671B8AF056001C2527 /* iOS6.2爱限免Tests */,
				4E67D5471B8AF056001C2527 /* Frameworks */,
				4E67D5461B8AF056001C2527 /* Products */,
			);
			sourceTree = "<group>";
		};
		4E67D5461B8AF056001C2527 /* Products */ = {
			isa = PBXGroup;
			children = (
				4E67D5451B8AF056001C2527 /* iOS6.2爱限免.app */,
				4E67D5601B8AF056001C2527 /* iOS6.2爱限免Tests.xctest */,
			);
			name = Products;
			sourceTree = "<group>";
		};
		4E67D5471B8AF056001C2527 /* Frameworks */ = {
			isa = PBXGroup;
			children = (
				4E67D5481B8AF056001C2527 /* Foundation.framework */,
				4E67D54A1B8AF056001C2527 /* CoreGraphics.framework */,
				4E67D54C1B8AF056001C2527 /* UIKit.framework */,
				4E67D5611B8AF056001C2527 /* XCTest.framework */,
			);
			name = Frameworks;
			sourceTree = "<group>";
		};
		4E67D54E1B8AF056001C2527 /* iOS6.2爱限免 */ = {
			isa = PBXGroup;
			children = (
				4E67D5571B8AF056001C2527 /* XLAppDelegate.h */,
				4E67D5581B8AF056001C2527 /* XLAppDelegate.m */,
				4E67D55A1B8AF056001C2527 /* Images.xcassets */,
				4E67D54F1B8AF056001C2527 /* Supporting Files */,
			);
			path = "iOS6.2爱限免";
			sourceTree = "<group>";
		};
		4E67D54F1B8AF056001C2527 /* Supporting Files */ = {
			isa = PBXGroup;
			children = (
				4E67D5501B8AF056001C2527 /* iOS6.2爱限免-Info.plist */,
				4E67D5511B8AF056001C2527 /* InfoPlist.strings */,
				4E67D5541B8AF056001C2527 /* main.m */,
				4E67D5561B8AF056001C2527 /* iOS6.2爱限免-Prefix.pch */,
			);
			name = "Supporting Files";
			sourceTree = "<group>";
		};
		4E67D5671B8AF056001C2527 /* iOS6.2爱限免Tests */ = {
			isa = PBXGroup;
			children = (
				4E67D56D1B8AF056001C2527 /* iOS6_2___Tests.m */,
				4E67D5681B8AF056001C2527 /* Supporting Files */,
			);
			path = "iOS6.2爱限免Tests";
			sourceTree = "<group>";
		};
		4E67D5681B8AF056001C2527 /* Supporting Files */ = {
			isa = PBXGroup;
			children = (
				4E67D5691B8AF056001C2527 /* iOS6.2爱限免Tests-Info.plist */,
				4E67D56A1B8AF056001C2527 /* InfoPlist.strings */,
			);
			name = "Supporting Files";
			sourceTree = "<group>";
		};
/* End PBXGroup section */

/* Begin PBXNativeTarget section */
		4E67D5441B8AF056001C2527 /* iOS6.2爱限免 */ = {
			isa = PBXNativeTarget;
			buildConfigurationList = 4E67D5711B8AF056001C2527 /* Build configuration list for PBXNativeTarget "iOS6.2爱限免" */;
			buildPhases = (
				4E67D5411B8AF056001C2527 /* Sources */,
				4E67D5421B8AF056001C2527 /* Frameworks */,
				4E67D5431B8AF056001C2527 /* Resources */,
			);
			buildRules = (
			);
			dependencies = (
			);
			name = "iOS6.2爱限免";
			productName = "iOS6.2爱限免";
			productReference = 4E67D5451B8AF056001C2527 /* iOS6.2爱限免.app */;
			productType = "com.apple.product-type.application";
		};
		4E67D55F1B8AF056001C2527 /* iOS6.2爱限免Tests */ = {
			isa = PBXNativeTarget;
			buildConfigurationList = 4E67D5741B8AF056001C2527 /* Build configuration list for PBXNativeTarget "iOS6.2爱限免Tests" */;
			buildPhases = (
				4E67D55C1B8AF056001C2527 /* Sources */,
				4E67D55D1B8AF056001C2527 /* Frameworks */,
				4E67D55E1B8AF056001C2527 /* Resources */,
			);
			buildRules = (
			);
			dependencies = (
				4E67D5661B8AF056001C2527 /* PBXTargetDependency */,
			);
			name = "iOS6.2爱限免Tests";
			productName = "iOS6.2爱限免Tests";
			productReference = 4E67D5601B8AF056001C2527 /* iOS6.2爱限免Tests.xctest */;
			productType = "com.apple.product-type.bundle.unit-test";
		};
/* End PBXNativeTarget section */

/* Begin PBXProject section */
		4E67D53D1B8AF056001C2527 /* Project object */ = {
			isa = PBXProject;
			attributes = {
				CLASSPREFIX = XL;
				LastUpgradeCheck = 0510;
				ORGANIZATIONNAME = xuli;
				TargetAttributes = {
					4E67D55F1B8AF056001C2527 = {
						TestTargetID = 4E67D5441B8AF056001C2527;
					};
				};
			};
			buildConfigurationList = 4E67D5401B8AF056001C2527 /* Build configuration list for PBXProject "iOS6.2爱限免" */;
			compatibilityVersion = "Xcode 3.2";
			developmentRegion = English;
			hasScannedForEncodings = 0;
			knownRegions = (
				en,
			);
			mainGroup = 4E67D53C1B8AF056001C2527;
			productRefGroup = 4E67D5461B8AF056001C2527 /* Products */;
			projectDirPath = "";
			projectRoot = "";
			targets = (
				4E67D5441B8AF056001C2527 /* iOS6.2爱限免 */,
				4E67D55F1B8AF056001C2527 /* iOS6.2爱限免Tests */,
			);
		};
/* End PBXProject section */

/* Begin PBXResourcesBuildPhase section */
		4E67D5431B8AF056001C2527 /* Resources */ = {
			isa = PBXResourcesBuildPhase;
			buildActionMask = 2147483647;
			files = (
				4E67D5531B8AF056001C2527 /* InfoPlist.strings in Resources */,
				4E67D55B1B8AF056001C2527 /* Images.xcassets in Resources */,
			);
			runOnlyForDeploymentPostprocessing = 0;
		};
		4E67D55E1B8AF056001C2527 /* Resources */ = {
			isa = PBXResourcesBuildPhase;
			buildActionMask = 2147483647;
			files = (
				4E67D56C1B8AF056001C2527 /* InfoPlist.strings in Resources */,
			);
			runOnlyForDeploymentPostprocessing = 0;
		};
/* End PBXResourcesBuildPhase section */

/* Begin PBXSourcesBuildPhase section */
		4E67D5411B8AF056001C2527 /* Sources */ = {
			isa = PBXSourcesBuildPhase;
			buildActionMask = 2147483647;
			files = (
				4E67D5591B8AF056001C2527 /* XLAppDelegate.m in Sources */,
				4E67D5551B8AF056001C2527 /* main.m in Sources */,
			);
			runOnlyForDeploymentPostprocessing = 0;
		};
		4E67D55C1B8AF056001C2527 /* Sources */ = {
			isa = PBXSourcesBuildPhase;
			buildActionMask = 2147483647;
			files = (
				4E67D56E1B8AF056001C2527 /* iOS6_2___Tests.m in Sources */,
			);
			runOnlyForDeploymentPostprocessing = 0;
		};
/* End PBXSourcesBuildPhase section */

/* Begin PBXTargetDependency section */
		4E67D5661B8AF056001C2527 /* PBXTargetDependency */ = {
			isa = PBXTargetDependency;
			target = 4E67D5441B8AF056001C2527 /* iOS6.2爱限免 */;
			targetProxy = 4E67D5651B8AF056001C2527 /* PBXContainerItemProxy */;
		};
/* End PBXTargetDependency section */

/* Begin PBXVariantGroup section */
		4E67D5511B8AF056001C2527 /* InfoPlist.strings */ = {
			isa = PBXVariantGroup;
			children = (
				4E67D5521B8AF056001C2527 /* en */,
			);
			name = InfoPlist.strings;
			sourceTree = "<group>";
		};
		4E67D56A1B8AF056001C2527 /* InfoPlist.strings */ = {
			isa = PBXVariantGroup;
			children = (
				4E67D56B1B8AF056001C2527 /* en */,
			);
			name = InfoPlist.strings;
			sourceTree = "<group>";
		};
/* End PBXVariantGroup section */

/* Begin XCBuildConfiguration section */
		4E67D56F1B8AF056001C2527 /* Debug */ = {
			isa = XCBuildConfiguration;
			buildSettings = {
				ALWAYS_SEARCH_USER_PATHS = NO;
				CLANG_CXX_LANGUAGE_STANDARD = "gnu++0x";
				CLANG_CXX_LIBRARY = "libc++";
				CLANG_ENABLE_MODULES = YES;
				CLANG_ENABLE_OBJC_ARC = YES;
				CLANG_WARN_BOOL_CONVERSION = YES;
				CLANG_WARN_CONSTANT_CONVERSION = YES;
				CLANG_WARN_DIRECT_OBJC_ISA_USAGE = YES_ERROR;
				CLANG_WARN_EMPTY_BODY = YES;
				CLANG_WARN_ENUM_CONVERSION = YES;
				CLANG_WARN_INT_CONVERSION = YES;
				CLANG_WARN_OBJC_ROOT_CLASS = YES_ERROR;
				CLANG_WARN__DUPLICATE_METHOD_MATCH = YES;
				"CODE_SIGN_IDENTITY[sdk=iphoneos*]" = "iPhone Developer";
				COPY_PHASE_STRIP = NO;
				GCC_C_LANGUAGE_STANDARD = gnu99;
				GCC_DYNAMIC_NO_PIC = NO;
				GCC_OPTIMIZATION_LEVEL = 0;
				GCC_PREPROCESSOR_DEFINITIONS = (
					"DEBUG=1",
					"$(inherited)",
				);
				GCC_SYMBOLS_PRIVATE_EXTERN = NO;
				GCC_WARN_64_TO_32_BIT_CONVERSION = YES;
				GCC_WARN_ABOUT_RETURN_TYPE = YES_ERROR;
				GCC_WARN_UNDECLARED_SELECTOR = YES;
				GCC_WARN_UNINITIALIZED_AUTOS = YES_AGGRESSIVE;
				GCC_WARN_UNUSED_FUNCTION = YES;
				GCC_WARN_UNUSED_VARIABLE = YES;
				IPHONEOS_DEPLOYMENT_TARGET = 7.1;
				ONLY_ACTIVE_ARCH = YES;
				SDKROOT = iphoneos;
				TARGETED_DEVICE_FAMILY = "1,2";
			};
			name = Debug;
		};
		4E67D5701B8AF056001C2527 /* Release */ = {
			isa = XCBuildConfiguration;
			buildSettings = {
				ALWAYS_SEARCH_USER_PATHS = NO;
				CLANG_CXX_LANGUAGE_STANDARD = "gnu++0x";
				CLANG_CXX_LIBRARY = "libc++";
				CLANG_ENABLE_MODULES = YES;
				CLANG_ENABLE_OBJC_ARC = YES;
				CLANG_WARN_BOOL_CONVERSION = YES;
				CLANG_WARN_CONSTANT_CONVERSION = YES;
				CLANG_WARN_DIRECT_OBJC_ISA_USAGE = YES_ERROR;
				CLANG_WARN_EMPTY_BODY = YES;
				CLANG_WARN_ENUM_CONVERSION = YES;
				CLANG_WARN_INT_CONVERSION = YES;
				CLANG_WARN_OBJC_ROOT_CLASS = YES_ERROR;
				CLANG_WARN__DUPLICATE_METHOD_MATCH = YES;
				"CODE_SIGN_IDENTITY[sdk=iphoneos*]" = "iPhone Developer";
				COPY_PHASE_STRIP = YES;
				ENABLE_NS_ASSERTIONS = NO;
				GCC_C_LANGUAGE_STANDARD = gnu99;
				GCC_WARN_64_TO_32_BIT_CONVERSION = YES;
				GCC_WARN_ABOUT_RETURN_TYPE = YES_ERROR;
				GCC_WARN_UNDECLARED_SELECTOR = YES;
				GCC_WARN_UNINITIALIZED_AUTOS = YES_AGGRESSIVE;
				GCC_WARN_UNUSED_FUNCTION = YES;
				GCC_WARN_UNUSED_VARIABLE = YES;
				IPHONEOS_DEPLOYMENT_TARGET = 7.1;
				SDKROOT = iphoneos;
				TARGETED_DEVICE_FAMILY = "1,2";
				VALIDATE_PRODUCT = YES;
			};
			name = Release;
		};
		4E67D5721B8AF056001C2527 /* Debug */ = {
			isa = XCBuildConfiguration;
			buildSettings = {
				ASSETCATALOG_COMPILER_APPICON_NAME = AppIcon;
				ASSETCATALOG_COMPILER_LAUNCHIMAGE_NAME = LaunchImage;
				GCC_PRECOMPILE_PREFIX_HEADER = YES;
				GCC_PREFIX_HEADER = "iOS6.2爱限免/iOS6.2爱限免-Prefix.pch";
				INFOPLIST_FILE = "iOS6.2爱限免/iOS6.2爱限免-Info.plist";
				PRODUCT_NAME = "$(TARGET_NAME)";
				WRAPPER_EXTENSION = app;
			};
			name = Debug;
		};
		4E67D5731B8AF056001C2527 /* Release */ = {
			isa = XCBuildConfiguration;
			buildSettings = {
				ASSETCATALOG_COMPILER_APPICON_NAME = AppIcon;
				ASSETCATALOG_COMPILER_LAUNCHIMAGE_NAME = LaunchImage;
				GCC_PRECOMPILE_PREFIX_HEADER = YES;
				GCC_PREFIX_HEADER = "iOS6.2爱限免/iOS6.2爱限免-Prefix.pch";
				INFOPLIST_FILE = "iOS6.2爱限免/iOS6.2爱限免-Info.plist";
				PRODUCT_NAME = "$(TARGET_NAME)";
				WRAPPER_EXTENSION = app;
			};
			name = Release;
		};
		4E67D5751B8AF056001C2527 /* Debug */ = {
			isa = XCBuildConfiguration;
			buildSettings = {
				BUNDLE_LOADER = "$(BUILT_PRODUCTS_DIR)/iOS6.2爱限免.app/iOS6.2爱限免";
				FRAMEWORK_SEARCH_PATHS = (
					"$(SDKROOT)/Developer/Library/Frameworks",
					"$(inherited)",
					"$(DEVELOPER_FRAMEWORKS_DIR)",
				);
				GCC_PRECOMPILE_PREFIX_HEADER = YES;
				GCC_PREFIX_HEADER = "iOS6.2爱限免/iOS6.2爱限免-Prefix.pch";
				GCC_PREPROCESSOR_DEFINITIONS = (
					"DEBUG=1",
					"$(inherited)",
				);
				INFOPLIST_FILE = "iOS6.2爱限免Tests/iOS6.2爱限免Tests-Info.plist";
				PRODUCT_NAME = "$(TARGET_NAME)";
				TEST_HOST = "$(BUNDLE_LOADER)";
				WRAPPER_EXTENSION = xctest;
			};
			name = Debug;
		};
		4E67D5761B8AF056001C2527 /* Release */ = {
			isa = XCBuildConfiguration;
			buildSettings = {
				BUNDLE_LOADER = "$(BUILT_PRODUCTS_DIR)/iOS6.2爱限免.app/iOS6.2爱限免";
				FRAMEWORK_SEARCH_PATHS = (
					"$(SDKROOT)/Developer/Library/Frameworks",
					"$(inherited)",
					"$(DEVELOPER_FRAMEWORKS_DIR)",
				);
				GCC_PRECOMPILE_PREFIX_HEADER = YES;
				GCC_PREFIX_HEADER = "iOS6.2爱限免/iOS6.2爱限免-Prefix.pch";
				INFOPLIST_FILE = "iOS6.2爱限免Tests/iOS6.2爱限免Tests-Info.plist";
				PRODUCT_NAME = "$(TARGET_NAME)";
				TEST_HOST = "$(BUNDLE_LOADER)";
				WRAPPER_EXTENSION = xctest;
			};
			name = Release;
		};
/* End XCBuildConfiguration section */

/* Begin XCConfigurationList section */
		4E67D5401B8AF056001C2527 /* Build configuration list for PBXProject "iOS6.2爱限免" */ = {
			isa = XCConfigurationList;
			buildConfigurations = (
				4E67D56F1B8AF056001C2527 /* Debug */,
				4E67D5701B8AF056001C2527 /* Release */,
			);
			defaultConfigurationIsVisible = 0;
			defaultConfigurationName = Release;
		};
		4E67D5711B8AF056001C2527 /* Build configuration list for PBXNativeTarget "iOS6.2爱限免" */ = {
			isa = XCConfigurationList;
			buildConfigurations = (
				4E67D5721B8AF056001C2527 /* Debug */,
				4E67D5731B8AF056001C2527 /* Release */,
			);
			defaultConfigurationIsVisible = 0;
		};
		4E67D5741B8AF056001C2527 /* Build configuration list for PBXNativeTarget "iOS6.2爱限免Tests" */ = {
			isa = XCConfigurationList;
			buildConfigurations = (
				4E67D5751B8AF056001C2527 /* Debug */,
				4E67D5761B8AF056001C2527 /* Release */,
			);
			defaultConfigurationIsVisible = 0;
		};
/* End XCConfigurationList section */
	};
	rootObject = 4E67D53D1B8AF056001C2527 /* Project object */;
}
